Microsoft Visual Studio Solution File, Format Version 12.00
# Visual Studio Version 17
VisualStudioVersion = 17.5.2.0
MinimumVisualStudioVersion = 10.0.40219.1
Project("{FAE04EC0-301F-11D3-BF4B-00C04F79EFBC}") = "stock-keeper", "stock-keeper.csproj", "{98436BD7-0E76-FB6C-2983-127BD4E579A1}"
EndProject
Global
	GlobalSection(SolutionConfigurationPlatforms) = preSolution
		Debug|Any CPU = Debug|Any CPU
		Release|Any CPU = Release|Any CPU
	EndGlobalSection
	GlobalSection(ProjectConfigurationPlatforms) = postSolution
		{98436BD7-0E76-FB6C-2983-127BD4E579A1}.Debug|Any CPU.ActiveCfg = Debug|Any CPU
		{98436BD7-0E76-FB6C-2983-127BD4E579A1}.Debug|Any CPU.Build.0 = Debug|Any CPU
		{98436BD7-0E76-FB6C-2983-127BD4E579A1}.Release|Any CPU.ActiveCfg = Release|Any CPU
		{98436BD7-0E76-FB6C-2983-127BD4E579A1}.Release|Any CPU.Build.0 = Release|Any CPU
	EndGlobalSection
	GlobalSection(SolutionProperties) = preSolution
		HideSolutionNode = FALSE
	EndGlobalSection
	GlobalSection(ExtensibilityGlobals) = postSolution
		SolutionGuid = {92813211-56F9-4045-93F5-8E0D1EA3FC64}
	EndGlobalSection
EndGlobal
